
Microsoft Visual Studio Solution File, Format Version 12.00
# Visual Studio 15
VisualStudioVersion = 15.0.26124.0
MinimumVisualStudioVersion = 15.0.26124.0
Project("{FAE04EC0-301F-11D3-BF4B-00C04F79EFBC}") = "GrpcDemo", "GrpcDemo\GrpcDemo.csproj", "{C56E5949-EDC9-4911-9CB5-507D474F713B}"
EndProject
Project("{FAE04EC0-301F-11D3-BF4B-00C04F79EFBC}") = "GrpcDemoClient", "GrpcDemoClient\GrpcDemoClient.csproj", "{6944B939-BC39-4458-B745-973DB1BA1EBA}"
EndProject
Project("{FAE04EC0-301F-11D3-BF4B-00C04F79EFBC}") = "GrpcDemoServer", "GrpcDemoServer\GrpcDemoServer.csproj", "{DF342B74-6A1F-47AD-944E-9BC2FD9C5B9B}"
EndProject
Project("{2150E333-8FDC-42A3-9474-1A3956D46DE8}") = "Protos", "Protos", "{7EC72A3A-B6D6-4B3E-B6C6-EF16DEABAACC}"
ProjectSection(SolutionItems) = preProject
	grpcdemo.proto = grpcdemo.proto
	generate.sh = generate.sh
EndProjectSection
EndProject
Global
	GlobalSection(SolutionConfigurationPlatforms) = preSolution
		Debug|Any CPU = Debug|Any CPU
		Debug|x64 = Debug|x64
		Debug|x86 = Debug|x86
		Release|Any CPU = Release|Any CPU
		Release|x64 = Release|x64
		Release|x86 = Release|x86
	EndGlobalSection
	GlobalSection(SolutionProperties) = preSolution
		HideSolutionNode = FALSE
	EndGlobalSection
	GlobalSection(ProjectConfigurationPlatforms) = postSolution
		{C56E5949-EDC9-4911-9CB5-507D474F713B}.Debug|Any CPU.ActiveCfg = Debug|Any CPU
		{C56E5949-EDC9-4911-9CB5-507D474F713B}.Debug|Any CPU.Build.0 = Debug|Any CPU
		{C56E5949-EDC9-4911-9CB5-507D474F713B}.Debug|x64.ActiveCfg = Debug|Any CPU
		{C56E5949-EDC9-4911-9CB5-507D474F713B}.Debug|x64.Build.0 = Debug|Any CPU
		{C56E5949-EDC9-4911-9CB5-507D474F713B}.Debug|x86.ActiveCfg = Debug|Any CPU
		{C56E5949-EDC9-4911-9CB5-507D474F713B}.Debug|x86.Build.0 = Debug|Any CPU
		{C56E5949-EDC9-4911-9CB5-507D474F713B}.Release|Any CPU.ActiveCfg = Release|Any CPU
		{C56E5949-EDC9-4911-9CB5-507D474F713B}.Release|Any CPU.Build.0 = Release|Any CPU
		{C56E5949-EDC9-4911-9CB5-507D474F713B}.Release|x64.ActiveCfg = Release|Any CPU
		{C56E5949-EDC9-4911-9CB5-507D474F713B}.Release|x64.Build.0 = Release|Any CPU
		{C56E5949-EDC9-4911-9CB5-507D474F713B}.Release|x86.ActiveCfg = Release|Any CPU
		{C56E5949-EDC9-4911-9CB5-507D474F713B}.Release|x86.Build.0 = Release|Any CPU
		{6944B939-BC39-4458-B745-973DB1BA1EBA}.Debug|Any CPU.ActiveCfg = Debug|Any CPU
		{6944B939-BC39-4458-B745-973DB1BA1EBA}.Debug|Any CPU.Build.0 = Debug|Any CPU
		{6944B939-BC39-4458-B745-973DB1BA1EBA}.Debug|x64.ActiveCfg = Debug|Any CPU
		{6944B939-BC39-4458-B745-973DB1BA1EBA}.Debug|x64.Build.0 = Debug|Any CPU
		{6944B939-BC39-4458-B745-973DB1BA1EBA}.Debug|x86.ActiveCfg = Debug|Any CPU
		{6944B939-BC39-4458-B745-973DB1BA1EBA}.Debug|x86.Build.0 = Debug|Any CPU
		{6944B939-BC39-4458-B745-973DB1BA1EBA}.Release|Any CPU.ActiveCfg = Release|Any CPU
		{6944B939-BC39-4458-B745-973DB1BA1EBA}.Release|Any CPU.Build.0 = Release|Any CPU
		{6944B939-BC39-4458-B745-973DB1BA1EBA}.Release|x64.ActiveCfg = Release|Any CPU
		{6944B939-BC39-4458-B745-973DB1BA1EBA}.Release|x64.Build.0 = Release|Any CPU
		{6944B939-BC39-4458-B745-973DB1BA1EBA}.Release|x86.ActiveCfg = Release|Any CPU
		{6944B939-BC39-4458-B745-973DB1BA1EBA}.Release|x86.Build.0 = Release|Any CPU
		{DF342B74-6A1F-47AD-944E-9BC2FD9C5B9B}.Debug|Any CPU.ActiveCfg = Debug|Any CPU
		{DF342B74-6A1F-47AD-944E-9BC2FD9C5B9B}.Debug|Any CPU.Build.0 = Debug|Any CPU
		{DF342B74-6A1F-47AD-944E-9BC2FD9C5B9B}.Debug|x64.ActiveCfg = Debug|Any CPU
		{DF342B74-6A1F-47AD-944E-9BC2FD9C5B9B}.Debug|x64.Build.0 = Debug|Any CPU
		{DF342B74-6A1F-47AD-944E-9BC2FD9C5B9B}.Debug|x86.ActiveCfg = Debug|Any CPU
		{DF342B74-6A1F-47AD-944E-9BC2FD9C5B9B}.Debug|x86.Build.0 = Debug|Any CPU
		{DF342B74-6A1F-47AD-944E-9BC2FD9C5B9B}.Release|Any CPU.ActiveCfg = Release|Any CPU
		{DF342B74-6A1F-47AD-944E-9BC2FD9C5B9B}.Release|Any CPU.Build.0 = Release|Any CPU
		{DF342B74-6A1F-47AD-944E-9BC2FD9C5B9B}.Release|x64.ActiveCfg = Release|Any CPU
		{DF342B74-6A1F-47AD-944E-9BC2FD9C5B9B}.Release|x64.Build.0 = Release|Any CPU
		{DF342B74-6A1F-47AD-944E-9BC2FD9C5B9B}.Release|x86.ActiveCfg = Release|Any CPU
		{DF342B74-6A1F-47AD-944E-9BC2FD9C5B9B}.Release|x86.Build.0 = Release|Any CPU
	EndGlobalSection
EndGlobal
